
Microsoft Visual Studio Solution File, Format Version 12.00
# Visual Studio 15
VisualStudioVersion = 15.0.27130.2036
MinimumVisualStudioVersion = 10.0.40219.1
Project("{9A19103F-16F7-4668-BE54-9A1E7A4F7556}") = "Dime.Dates", "core\Dime.Dates\Dime.Dates.csproj", "{5E03484C-AA89-4AD0-8CCF-C22812853D0F}"
EndProject
Project("{2150E333-8FDC-42A3-9474-1A3956D46DE8}") = "Tests", "Tests", "{E7B21F8D-FA27-4C97-8135-3B76E2BD7CA8}"
EndProject
Project("{9A19103F-16F7-4668-BE54-9A1E7A4F7556}") = "Dime.Utilities.Date.Tests", "test\Dime.Dates.Tests\Dime.Utilities.Date.Tests.csproj", "{2E0943BD-395F-4A48-A487-BC0FA903D286}"
EndProject
Global
	GlobalSection(SolutionConfigurationPlatforms) = preSolution
		Debug|Any CPU = Debug|Any CPU
		Release|Any CPU = Release|Any CPU
	EndGlobalSection
	GlobalSection(ProjectConfigurationPlatforms) = postSolution
		{5E03484C-AA89-4AD0-8CCF-C22812853D0F}.Debug|Any CPU.ActiveCfg = Debug|Any CPU
		{5E03484C-AA89-4AD0-8CCF-C22812853D0F}.Debug|Any CPU.Build.0 = Debug|Any CPU
		{5E03484C-AA89-4AD0-8CCF-C22812853D0F}.Release|Any CPU.ActiveCfg = Release|Any CPU
		{5E03484C-AA89-4AD0-8CCF-C22812853D0F}.Release|Any CPU.Build.0 = Release|Any CPU
		{2E0943BD-395F-4A48-A487-BC0FA903D286}.Debug|Any CPU.ActiveCfg = Debug|Any CPU
		{2E0943BD-395F-4A48-A487-BC0FA903D286}.Debug|Any CPU.Build.0 = Debug|Any CPU
		{2E0943BD-395F-4A48-A487-BC0FA903D286}.Release|Any CPU.ActiveCfg = Release|Any CPU
		{2E0943BD-395F-4A48-A487-BC0FA903D286}.Release|Any CPU.Build.0 = Release|Any CPU
	EndGlobalSection
	GlobalSection(SolutionProperties) = preSolution
		HideSolutionNode = FALSE
	EndGlobalSection
	GlobalSection(NestedProjects) = preSolution
		{2E0943BD-395F-4A48-A487-BC0FA903D286} = {E7B21F8D-FA27-4C97-8135-3B76E2BD7CA8}
	EndGlobalSection
	GlobalSection(ExtensibilityGlobals) = postSolution
		SolutionGuid = {DEFE6915-1B43-400B-A4EC-675E7A1ADE9D}
	EndGlobalSection
EndGlobal
